
Microsoft Visual Studio Solution File, Format Version 12.00
# Visual Studio Version 16
VisualStudioVersion = 16.0.30406.217
MinimumVisualStudioVersion = 10.0.40219.1
Project("{FAE04EC0-301F-11D3-BF4B-00C04F79EFBC}") = "SmartUmbrella", "SmartUmbrella\SmartUmbrella.csproj", "{77C330DB-C7A7-4261-A6B7-43CEE824E23E}"
EndProject
Global
	GlobalSection(SolutionConfigurationPlatforms) = preSolution
		Debug|Any CPU = Debug|Any CPU
		Release|Any CPU = Release|Any CPU
	EndGlobalSection
	GlobalSection(ProjectConfigurationPlatforms) = postSolution
		{77C330DB-C7A7-4261-A6B7-43CEE824E23E}.Debug|Any CPU.ActiveCfg = Debug|Any CPU
		{77C330DB-C7A7-4261-A6B7-43CEE824E23E}.Debug|Any CPU.Build.0 = Debug|Any CPU
		{77C330DB-C7A7-4261-A6B7-43CEE824E23E}.Release|Any CPU.ActiveCfg = Release|Any CPU
		{77C330DB-C7A7-4261-A6B7-43CEE824E23E}.Release|Any CPU.Build.0 = Release|Any CPU
	EndGlobalSection
	GlobalSection(SolutionProperties) = preSolution
		HideSolutionNode = FALSE
	EndGlobalSection
	GlobalSection(ExtensibilityGlobals) = postSolution
		SolutionGuid = {56CEF199-F103-4CA7-92EC-2FED358736DD}
	EndGlobalSection
EndGlobal
